// !$*UTF8*$!
{
	archiveVersion = 1;
	classes = {
	};
	objectVersion = 56;
	objects = {

/* Begin PBXBuildFile section */
		8C01F47B29DAFF0400FCC26F /* TimePicker.swift in Sources */ = {isa = PBXBuildFile; fileRef = 8C01F47A29DAFF0400FCC26F /* TimePicker.swift */; };
		8C19B00229BFA438002649AD /* CircularProgressView.swift in Sources */ = {isa = PBXBuildFile; fileRef = 8C19B00129BFA438002649AD /* CircularProgressView.swift */; };
		8C19B00529BFBA5F002649AD /* gong.wav in Resources */ = {isa = PBXBuildFile; fileRef = 8C19B00429BFBA5F002649AD /* gong.wav */; };
		8C29F82C29C0951E00DADDFF /* AppView.swift in Sources */ = {isa = PBXBuildFile; fileRef = 8C29F82B29C0951E00DADDFF /* AppView.swift */; };
		8C46F92329E6AEB300EA2F0D /* SwiftUINavigation in Frameworks */ = {isa = PBXBuildFile; productRef = 8C46F92229E6AEB300EA2F0D /* SwiftUINavigation */; };
		8C46F92529E6AEB300EA2F0D /* _SwiftUINavigationState in Frameworks */ = {isa = PBXBuildFile; productRef = 8C46F92429E6AEB300EA2F0D /* _SwiftUINavigationState */; };
		8C665A1629C86CB5008750AE /* Localizable.strings in Resources */ = {isa = PBXBuildFile; fileRef = 8C665A1829C86CB5008750AE /* Localizable.strings */; };
		8C665A1C29C87956008750AE /* swiftgen.yml in Resources */ = {isa = PBXBuildFile; fileRef = 8C665A1B29C87956008750AE /* swiftgen.yml */; };
		8C665A2629C88F80008750AE /* Assets.swift in Sources */ = {isa = PBXBuildFile; fileRef = 8C665A2429C88F7F008750AE /* Assets.swift */; };
		8C6AF15D29BF21030060EB20 /* TrainingLaunch.swift in Sources */ = {isa = PBXBuildFile; fileRef = 8C6AF15C29BF21030060EB20 /* TrainingLaunch.swift */; };
		8C870DE729F006D800CDE9B9 /* IntervalTimeline.swift in Sources */ = {isa = PBXBuildFile; fileRef = 8C870DE629F006D800CDE9B9 /* IntervalTimeline.swift */; };
		8C885AA829CB555F00D96530 /* Strings-generated.swift in Sources */ = {isa = PBXBuildFile; fileRef = 8C885AA729CB555F00D96530 /* Strings-generated.swift */; };
		8C8BEDD329BE237D00C4275A /* TrainingForm.swift in Sources */ = {isa = PBXBuildFile; fileRef = 8C8BEDD229BE237D00C4275A /* TrainingForm.swift */; };
		8C9EE99129BC99090020E4FD /* TabataApp.swift in Sources */ = {isa = PBXBuildFile; fileRef = 8C9EE99029BC99090020E4FD /* TabataApp.swift */; };
		8C9EE99529BC990C0020E4FD /* Assets.xcassets in Resources */ = {isa = PBXBuildFile; fileRef = 8C9EE99429BC990C0020E4FD /* Assets.xcassets */; };
		8C9EE99929BC990C0020E4FD /* Preview Assets.xcassets in Resources */ = {isa = PBXBuildFile; fileRef = 8C9EE99829BC990C0020E4FD /* Preview Assets.xcassets */; };
		8C9EE9A229BC9B070020E4FD /* TrainingsList.swift in Sources */ = {isa = PBXBuildFile; fileRef = 8C9EE9A129BC9B070020E4FD /* TrainingsList.swift */; };
		8C9EE9A429BC9BDB0020E4FD /* TrainingDetails.swift in Sources */ = {isa = PBXBuildFile; fileRef = 8C9EE9A329BC9BDB0020E4FD /* TrainingDetails.swift */; };
		8CB117CD29EABE0B00652837 /* Utilities.swift in Sources */ = {isa = PBXBuildFile; fileRef = 8CB117CC29EABE0B00652837 /* Utilities.swift */; };
		8CB117CE29EABE3900652837 /* Utilities.swift in Sources */ = {isa = PBXBuildFile; fileRef = 8CB117CC29EABE0B00652837 /* Utilities.swift */; };
		8CB117D029EABEE200652837 /* TrainingDetails.swift in Sources */ = {isa = PBXBuildFile; fileRef = 8CB117CF29EABEE200652837 /* TrainingDetails.swift */; };
		8CB117D229EAC05C00652837 /* TrainingLaunch.swift in Sources */ = {isa = PBXBuildFile; fileRef = 8CB117D129EAC05C00652837 /* TrainingLaunch.swift */; };
		8CB117D529EAC2A000652837 /* TrainingsList.swift in Sources */ = {isa = PBXBuildFile; fileRef = 8CB117D429EAC2A000652837 /* TrainingsList.swift */; };
		8CC3A66129ED3F9400C52242 /* TrainingMetrics.swift in Sources */ = {isa = PBXBuildFile; fileRef = 8CC3A66029ED3F9400C52242 /* TrainingMetrics.swift */; };
		8CC3A66329ED45E600C52242 /* TrainingControls.swift in Sources */ = {isa = PBXBuildFile; fileRef = 8CC3A66229ED45E600C52242 /* TrainingControls.swift */; };
		8CC3A66529ED480500C52242 /* TrainingInfo.swift in Sources */ = {isa = PBXBuildFile; fileRef = 8CC3A66429ED480500C52242 /* TrainingInfo.swift */; };
		8CC3A66829ED4B1600C52242 /* TrainingManager.swift in Sources */ = {isa = PBXBuildFile; fileRef = 8CC3A66729ED4B1600C52242 /* TrainingManager.swift */; };
		8CD91A0129E9DD75003C2BE9 /* WatchTabataApp.swift in Sources */ = {isa = PBXBuildFile; fileRef = 8CD91A0029E9DD75003C2BE9 /* WatchTabataApp.swift */; };
		8CD91A0529E9DD78003C2BE9 /* Assets.xcassets in Resources */ = {isa = PBXBuildFile; fileRef = 8CD91A0429E9DD78003C2BE9 /* Assets.xcassets */; };
		8CD91A0829E9DD78003C2BE9 /* Preview Assets.xcassets in Resources */ = {isa = PBXBuildFile; fileRef = 8CD91A0729E9DD78003C2BE9 /* Preview Assets.xcassets */; };
		8CD91A0B29E9DD78003C2BE9 /* WatchTabata.app in Embed Watch Content */ = {isa = PBXBuildFile; fileRef = 8CD919FE29E9DD75003C2BE9 /* WatchTabata.app */; settings = {ATTRIBUTES = (RemoveHeadersOnCopy, ); }; };
		8CD91A1F29E9EC73003C2BE9 /* Extensions.swift in Sources */ = {isa = PBXBuildFile; fileRef = 8C19B00729BFBAB2002649AD /* Extensions.swift */; };
		8CF253F129E9FE5D00CF8419 /* Models in Frameworks */ = {isa = PBXBuildFile; productRef = 8CF253F029E9FE5D00CF8419 /* Models */; };
		8CF253F329EA007A00CF8419 /* Models in Frameworks */ = {isa = PBXBuildFile; productRef = 8CF253F229EA007A00CF8419 /* Models */; };
		8CF253F529EA041000CF8419 /* Models in Frameworks */ = {isa = PBXBuildFile; productRef = 8CF253F429EA041000CF8419 /* Models */; };
		8CF253F829EA0E9000CF8419 /* AppView.swift in Sources */ = {isa = PBXBuildFile; fileRef = 8C29F82B29C0951E00DADDFF /* AppView.swift */; };
		8CF253FA29EA116900CF8419 /* SwiftUINavigation in Frameworks */ = {isa = PBXBuildFile; productRef = 8CF253F929EA116900CF8419 /* SwiftUINavigation */; };
		8CF253FE29EA12E900CF8419 /* Assets.swift in Sources */ = {isa = PBXBuildFile; fileRef = 8C665A2429C88F7F008750AE /* Assets.swift */; };
		8CF253FF29EA12ED00CF8419 /* Strings-generated.swift in Sources */ = {isa = PBXBuildFile; fileRef = 8C885AA729CB555F00D96530 /* Strings-generated.swift */; };
		8CF3EA9129C9C6F600D82F98 /* LaunchScreen.storyboard in Resources */ = {isa = PBXBuildFile; fileRef = 8CF3EA9029C9C6F600D82F98 /* LaunchScreen.storyboard */; };
/* End PBXBuildFile section */

/* Begin PBXContainerItemProxy section */
		8CD91A0929E9DD78003C2BE9 /* PBXContainerItemProxy */ = {
			isa = PBXContainerItemProxy;
			containerPortal = 8C9EE98529BC99090020E4FD /* Project object */;
			proxyType = 1;
			remoteGlobalIDString = 8CD919FD29E9DD75003C2BE9;
			remoteInfo = "WatchOSTabata Watch App";
		};
/* End PBXContainerItemProxy section */

/* Begin PBXCopyFilesBuildPhase section */
		8C46F93829E6B75B00EA2F0D /* Embed Frameworks */ = {
			isa = PBXCopyFilesBuildPhase;
			buildActionMask = 2147483647;
			dstPath = "";
			dstSubfolderSpec = 10;
			files = (
			);
			name = "Embed Frameworks";
			runOnlyForDeploymentPostprocessing = 0;
		};
		8CD91A0F29E9DD78003C2BE9 /* Embed Watch Content */ = {
			isa = PBXCopyFilesBuildPhase;
			buildActionMask = 2147483647;
			dstPath = "$(CONTENTS_FOLDER_PATH)/Watch";
			dstSubfolderSpec = 16;
			files = (
				8CD91A0B29E9DD78003C2BE9 /* WatchTabata.app in Embed Watch Content */,
			);
			name = "Embed Watch Content";
			runOnlyForDeploymentPostprocessing = 0;
		};
/* End PBXCopyFilesBuildPhase section */

/* Begin PBXFileReference section */
		8C01F47A29DAFF0400FCC26F /* TimePicker.swift */ = {isa = PBXFileReference; lastKnownFileType = sourcecode.swift; path = TimePicker.swift; sourceTree = "<group>"; };
		8C19B00129BFA438002649AD /* CircularProgressView.swift */ = {isa = PBXFileReference; lastKnownFileType = sourcecode.swift; path = CircularProgressView.swift; sourceTree = "<group>"; };
		8C19B00429BFBA5F002649AD /* gong.wav */ = {isa = PBXFileReference; lastKnownFileType = audio.wav; path = gong.wav; sourceTree = "<group>"; };
		8C19B00729BFBAB2002649AD /* Extensions.swift */ = {isa = PBXFileReference; lastKnownFileType = sourcecode.swift; path = Extensions.swift; sourceTree = "<group>"; };
		8C29F82B29C0951E00DADDFF /* AppView.swift */ = {isa = PBXFileReference; lastKnownFileType = sourcecode.swift; path = AppView.swift; sourceTree = "<group>"; };
		8C46F91229E6A53500EA2F0D /* TabataAppTests.xctest */ = {isa = PBXFileReference; explicitFileType = wrapper.cfbundle; includeInIndex = 0; path = TabataAppTests.xctest; sourceTree = BUILT_PRODUCTS_DIR; };
		8C665A1729C86CB5008750AE /* en */ = {isa = PBXFileReference; lastKnownFileType = text.plist.strings; name = en; path = en.lproj/Localizable.strings; sourceTree = "<group>"; };
		8C665A1929C86CBE008750AE /* uk */ = {isa = PBXFileReference; lastKnownFileType = text.plist.strings; name = uk; path = uk.lproj/Localizable.strings; sourceTree = "<group>"; };
		8C665A1B29C87956008750AE /* swiftgen.yml */ = {isa = PBXFileReference; fileEncoding = 4; lastKnownFileType = text.yaml; path = swiftgen.yml; sourceTree = "<group>"; };
		8C665A2429C88F7F008750AE /* Assets.swift */ = {isa = PBXFileReference; fileEncoding = 4; lastKnownFileType = sourcecode.swift; path = Assets.swift; sourceTree = "<group>"; };
		8C6AF15C29BF21030060EB20 /* TrainingLaunch.swift */ = {isa = PBXFileReference; lastKnownFileType = sourcecode.swift; path = TrainingLaunch.swift; sourceTree = "<group>"; };
		8C724CDE29E9FCD000D46C4D /* Models */ = {isa = PBXFileReference; lastKnownFileType = wrapper; name = Models; path = ../Models; sourceTree = "<group>"; };
		8C865C2729E70D2300C6E410 /* Models.h */ = {isa = PBXFileReference; lastKnownFileType = sourcecode.c.h; path = Models.h; sourceTree = "<group>"; };
		8C865C2829E70D2300C6E410 /* Models.docc */ = {isa = PBXFileReference; lastKnownFileType = folder.documentationcatalog; path = Models.docc; sourceTree = "<group>"; };
		8C870DE629F006D800CDE9B9 /* IntervalTimeline.swift */ = {isa = PBXFileReference; lastKnownFileType = sourcecode.swift; path = IntervalTimeline.swift; sourceTree = "<group>"; };
		8C885AA729CB555F00D96530 /* Strings-generated.swift */ = {isa = PBXFileReference; fileEncoding = 4; lastKnownFileType = sourcecode.swift; path = "Strings-generated.swift"; sourceTree = "<group>"; };
		8C8BEDD229BE237D00C4275A /* TrainingForm.swift */ = {isa = PBXFileReference; lastKnownFileType = sourcecode.swift; path = TrainingForm.swift; sourceTree = "<group>"; };
		8C9EE98D29BC99090020E4FD /* TabataApp.app */ = {isa = PBXFileReference; explicitFileType = wrapper.application; includeInIndex = 0; path = TabataApp.app; sourceTree = BUILT_PRODUCTS_DIR; };
		8C9EE99029BC99090020E4FD /* TabataApp.swift */ = {isa = PBXFileReference; lastKnownFileType = sourcecode.swift; path = TabataApp.swift; sourceTree = "<group>"; };
		8C9EE99429BC990C0020E4FD /* Assets.xcassets */ = {isa = PBXFileReference; lastKnownFileType = folder.assetcatalog; path = Assets.xcassets; sourceTree = "<group>"; };
		8C9EE99629BC990C0020E4FD /* TabataApp.entitlements */ = {isa = PBXFileReference; lastKnownFileType = text.plist.entitlements; path = TabataApp.entitlements; sourceTree = "<group>"; };
		8C9EE99829BC990C0020E4FD /* Preview Assets.xcassets */ = {isa = PBXFileReference; lastKnownFileType = folder.assetcatalog; path = "Preview Assets.xcassets"; sourceTree = "<group>"; };
		8C9EE9A129BC9B070020E4FD /* TrainingsList.swift */ = {isa = PBXFileReference; lastKnownFileType = sourcecode.swift; path = TrainingsList.swift; sourceTree = "<group>"; };
		8C9EE9A329BC9BDB0020E4FD /* TrainingDetails.swift */ = {isa = PBXFileReference; lastKnownFileType = sourcecode.swift; path = TrainingDetails.swift; sourceTree = "<group>"; };
		8CB117CC29EABE0B00652837 /* Utilities.swift */ = {isa = PBXFileReference; lastKnownFileType = sourcecode.swift; path = Utilities.swift; sourceTree = "<group>"; };
		8CB117CF29EABEE200652837 /* TrainingDetails.swift */ = {isa = PBXFileReference; lastKnownFileType = sourcecode.swift; path = TrainingDetails.swift; sourceTree = "<group>"; };
		8CB117D129EAC05C00652837 /* TrainingLaunch.swift */ = {isa = PBXFileReference; lastKnownFileType = sourcecode.swift; path = TrainingLaunch.swift; sourceTree = "<group>"; };
		8CB117D429EAC2A000652837 /* TrainingsList.swift */ = {isa = PBXFileReference; lastKnownFileType = sourcecode.swift; path = TrainingsList.swift; sourceTree = "<group>"; };
		8CC3A66029ED3F9400C52242 /* TrainingMetrics.swift */ = {isa = PBXFileReference; lastKnownFileType = sourcecode.swift; path = TrainingMetrics.swift; sourceTree = "<group>"; };
		8CC3A66229ED45E600C52242 /* TrainingControls.swift */ = {isa = PBXFileReference; lastKnownFileType = sourcecode.swift; path = TrainingControls.swift; sourceTree = "<group>"; };
		8CC3A66429ED480500C52242 /* TrainingInfo.swift */ = {isa = PBXFileReference; lastKnownFileType = sourcecode.swift; path = TrainingInfo.swift; sourceTree = "<group>"; };
		8CC3A66729ED4B1600C52242 /* TrainingManager.swift */ = {isa = PBXFileReference; lastKnownFileType = sourcecode.swift; path = TrainingManager.swift; sourceTree = "<group>"; };
		8CC3A66929ED4EF400C52242 /* WatchTabata.entitlements */ = {isa = PBXFileReference; lastKnownFileType = text.plist.entitlements; path = WatchTabata.entitlements; sourceTree = "<group>"; };
		8CD919FE29E9DD75003C2BE9 /* WatchTabata.app */ = {isa = PBXFileReference; explicitFileType = wrapper.application; includeInIndex = 0; path = WatchTabata.app; sourceTree = BUILT_PRODUCTS_DIR; };
		8CD91A0029E9DD75003C2BE9 /* WatchTabataApp.swift */ = {isa = PBXFileReference; lastKnownFileType = sourcecode.swift; path = WatchTabataApp.swift; sourceTree = "<group>"; };
		8CD91A0429E9DD78003C2BE9 /* Assets.xcassets */ = {isa = PBXFileReference; lastKnownFileType = folder.assetcatalog; path = Assets.xcassets; sourceTree = "<group>"; };
		8CD91A0729E9DD78003C2BE9 /* Preview Assets.xcassets */ = {isa = PBXFileReference; lastKnownFileType = folder.assetcatalog; path = "Preview Assets.xcassets"; sourceTree = "<group>"; };
		8CF3EA9029C9C6F600D82F98 /* LaunchScreen.storyboard */ = {isa = PBXFileReference; fileEncoding = 4; lastKnownFileType = file.storyboard; path = LaunchScreen.storyboard; sourceTree = "<group>"; };
/* End PBXFileReference section */

/* Begin PBXFrameworksBuildPhase section */
		8C46F90F29E6A53500EA2F0D /* Frameworks */ = {
			isa = PBXFrameworksBuildPhase;
			buildActionMask = 2147483647;
			files = (
				8CF253F329EA007A00CF8419 /* Models in Frameworks */,
			);
			runOnlyForDeploymentPostprocessing = 0;
		};
		8C9EE98A29BC99090020E4FD /* Frameworks */ = {
			isa = PBXFrameworksBuildPhase;
			buildActionMask = 2147483647;
			files = (
				8CF253F129E9FE5D00CF8419 /* Models in Frameworks */,
				8C46F92529E6AEB300EA2F0D /* _SwiftUINavigationState in Frameworks */,
				8C46F92329E6AEB300EA2F0D /* SwiftUINavigation in Frameworks */,
			);
			runOnlyForDeploymentPostprocessing = 0;
		};
		8CD919FB29E9DD75003C2BE9 /* Frameworks */ = {
			isa = PBXFrameworksBuildPhase;
			buildActionMask = 2147483647;
			files = (
				8CF253FA29EA116900CF8419 /* SwiftUINavigation in Frameworks */,
				8CF253F529EA041000CF8419 /* Models in Frameworks */,
			);
			runOnlyForDeploymentPostprocessing = 0;
		};
/* End PBXFrameworksBuildPhase section */

/* Begin PBXGroup section */
		8C19B00329BFBA49002649AD /* Resource */ = {
			isa = PBXGroup;
			children = (
				8C665A1829C86CB5008750AE /* Localizable.strings */,
				8CF3EA9029C9C6F600D82F98 /* LaunchScreen.storyboard */,
				8C19B00429BFBA5F002649AD /* gong.wav */,
			);
			path = Resource;
			sourceTree = "<group>";
		};
		8C46F91329E6A53600EA2F0D /* TabataAppTests */ = {
			isa = PBXGroup;
			children = (
			);
			path = TabataAppTests;
			sourceTree = "<group>";
		};
		8C865C1929E704F300C6E410 /* Frameworks */ = {
			isa = PBXGroup;
			children = (
			);
			name = Frameworks;
			sourceTree = "<group>";
		};
		8C865C2629E70D2300C6E410 /* Models */ = {
			isa = PBXGroup;
			children = (
				8C865C2729E70D2300C6E410 /* Models.h */,
				8C865C2829E70D2300C6E410 /* Models.docc */,
			);
			path = Models;
			sourceTree = "<group>";
		};
		8C8BEDCC29BE0C9800C4275A /* Views */ = {
			isa = PBXGroup;
			children = (
				8C01F47A29DAFF0400FCC26F /* TimePicker.swift */,
				8C9EE9A129BC9B070020E4FD /* TrainingsList.swift */,
				8C9EE9A329BC9BDB0020E4FD /* TrainingDetails.swift */,
				8C8BEDD229BE237D00C4275A /* TrainingForm.swift */,
				8C6AF15C29BF21030060EB20 /* TrainingLaunch.swift */,
				8C19B00129BFA438002649AD /* CircularProgressView.swift */,
				8C29F82B29C0951E00DADDFF /* AppView.swift */,
			);
			path = Views;
			sourceTree = "<group>";
		};
		8C9EE98429BC99090020E4FD = {
			isa = PBXGroup;
			children = (
				8C724CDE29E9FCD000D46C4D /* Models */,
				8C665A1B29C87956008750AE /* swiftgen.yml */,
				8C9EE98F29BC99090020E4FD /* TabataApp */,
				8C46F91329E6A53600EA2F0D /* TabataAppTests */,
				8C865C2629E70D2300C6E410 /* Models */,
				8CD919FF29E9DD75003C2BE9 /* WatchTabata */,
				8C9EE98E29BC99090020E4FD /* Products */,
				8C865C1929E704F300C6E410 /* Frameworks */,
			);
			sourceTree = "<group>";
		};
		8C9EE98E29BC99090020E4FD /* Products */ = {
			isa = PBXGroup;
			children = (
				8C9EE98D29BC99090020E4FD /* TabataApp.app */,
				8C46F91229E6A53500EA2F0D /* TabataAppTests.xctest */,
				8CD919FE29E9DD75003C2BE9 /* WatchTabata.app */,
			);
			name = Products;
			sourceTree = "<group>";
		};
		8C9EE98F29BC99090020E4FD /* TabataApp */ = {
			isa = PBXGroup;
			children = (
				8C885AA729CB555F00D96530 /* Strings-generated.swift */,
				8C665A2429C88F7F008750AE /* Assets.swift */,
				8C19B00329BFBA49002649AD /* Resource */,
				8C8BEDCC29BE0C9800C4275A /* Views */,
				8C9EE99029BC99090020E4FD /* TabataApp.swift */,
				8C19B00729BFBAB2002649AD /* Extensions.swift */,
				8C9EE99429BC990C0020E4FD /* Assets.xcassets */,
				8C9EE99629BC990C0020E4FD /* TabataApp.entitlements */,
				8C9EE99729BC990C0020E4FD /* Preview Content */,
				8CB117CC29EABE0B00652837 /* Utilities.swift */,
			);
			path = TabataApp;
			sourceTree = "<group>";
		};
		8C9EE99729BC990C0020E4FD /* Preview Content */ = {
			isa = PBXGroup;
			children = (
				8C9EE99829BC990C0020E4FD /* Preview Assets.xcassets */,
			);
			path = "Preview Content";
			sourceTree = "<group>";
		};
		8CC3A66629ED4AF700C52242 /* Views */ = {
			isa = PBXGroup;
			children = (
				8CB117CF29EABEE200652837 /* TrainingDetails.swift */,
				8CB117D129EAC05C00652837 /* TrainingLaunch.swift */,
				8CB117D429EAC2A000652837 /* TrainingsList.swift */,
				8CC3A66029ED3F9400C52242 /* TrainingMetrics.swift */,
				8CC3A66229ED45E600C52242 /* TrainingControls.swift */,
				8CC3A66429ED480500C52242 /* TrainingInfo.swift */,
			);
			path = Views;
			sourceTree = "<group>";
		};
		8CD919FF29E9DD75003C2BE9 /* WatchTabata */ = {
			isa = PBXGroup;
			children = (
				8CC3A66929ED4EF400C52242 /* WatchTabata.entitlements */,
				8CC3A66629ED4AF700C52242 /* Views */,
				8CD91A0029E9DD75003C2BE9 /* WatchTabataApp.swift */,
				8CD91A0429E9DD78003C2BE9 /* Assets.xcassets */,
				8CD91A0629E9DD78003C2BE9 /* Preview Content */,
				8CC3A66729ED4B1600C52242 /* TrainingManager.swift */,
				8C870DE629F006D800CDE9B9 /* IntervalTimeline.swift */,
			);
			path = WatchTabata;
			sourceTree = "<group>";
		};
		8CD91A0629E9DD78003C2BE9 /* Preview Content */ = {
			isa = PBXGroup;
			children = (
				8CD91A0729E9DD78003C2BE9 /* Preview Assets.xcassets */,
			);
			path = "Preview Content";
			sourceTree = "<group>";
		};
/* End PBXGroup section */

/* Begin PBXNativeTarget section */
		8C46F91129E6A53500EA2F0D /* TabataAppTests */ = {
			isa = PBXNativeTarget;
			buildConfigurationList = 8C46F91829E6A53600EA2F0D /* Build configuration list for PBXNativeTarget "TabataAppTests" */;
			buildPhases = (
				8C46F90E29E6A53500EA2F0D /* Sources */,
				8C46F90F29E6A53500EA2F0D /* Frameworks */,
				8C46F91029E6A53500EA2F0D /* Resources */,
			);
			buildRules = (
			);
			dependencies = (
			);
			name = TabataAppTests;
			packageProductDependencies = (
				8CF253F229EA007A00CF8419 /* Models */,
			);
			productName = TabataAppTests;
			productReference = 8C46F91229E6A53500EA2F0D /* TabataAppTests.xctest */;
			productType = "com.apple.product-type.bundle.unit-test";
		};
		8C9EE98C29BC99090020E4FD /* TabataApp */ = {
			isa = PBXNativeTarget;
			buildConfigurationList = 8C9EE99C29BC990C0020E4FD /* Build configuration list for PBXNativeTarget "TabataApp" */;
			buildPhases = (
				8C9EE98929BC99090020E4FD /* Sources */,
				8C9EE98A29BC99090020E4FD /* Frameworks */,
				8C9EE98B29BC99090020E4FD /* Resources */,
				8C665A2129C87EE6008750AE /* Swiftgen */,
				8C46F93829E6B75B00EA2F0D /* Embed Frameworks */,
				8CD91A0F29E9DD78003C2BE9 /* Embed Watch Content */,
			);
			buildRules = (
			);
			dependencies = (
				8CD91A0A29E9DD78003C2BE9 /* PBXTargetDependency */,
			);
			name = TabataApp;
			packageProductDependencies = (
				8C46F92229E6AEB300EA2F0D /* SwiftUINavigation */,
				8C46F92429E6AEB300EA2F0D /* _SwiftUINavigationState */,
				8CF253F029E9FE5D00CF8419 /* Models */,
			);
			productName = TabataApp;
			productReference = 8C9EE98D29BC99090020E4FD /* TabataApp.app */;
			productType = "com.apple.product-type.application";
		};
		8CD919FD29E9DD75003C2BE9 /* WatchTabata */ = {
			isa = PBXNativeTarget;
			buildConfigurationList = 8CD91A0C29E9DD78003C2BE9 /* Build configuration list for PBXNativeTarget "WatchTabata" */;
			buildPhases = (
				8CD919FA29E9DD75003C2BE9 /* Sources */,
				8CD919FB29E9DD75003C2BE9 /* Frameworks */,
				8CD919FC29E9DD75003C2BE9 /* Resources */,
			);
			buildRules = (
			);
			dependencies = (
			);
			name = WatchTabata;
			packageProductDependencies = (
				8CF253F429EA041000CF8419 /* Models */,
				8CF253F929EA116900CF8419 /* SwiftUINavigation */,
			);
			productName = "WatchOSTabata Watch App";
			productReference = 8CD919FE29E9DD75003C2BE9 /* WatchTabata.app */;
			productType = "com.apple.product-type.application";
		};
/* End PBXNativeTarget section */

/* Begin PBXProject section */
		8C9EE98529BC99090020E4FD /* Project object */ = {
			isa = PBXProject;
			attributes = {
				BuildIndependentTargetsInParallel = 1;
				LastSwiftUpdateCheck = 1420;
				LastUpgradeCheck = 1420;
				TargetAttributes = {
					8C46F91129E6A53500EA2F0D = {
						CreatedOnToolsVersion = 14.2;
					};
					8C9EE98C29BC99090020E4FD = {
						CreatedOnToolsVersion = 14.2;
					};
					8CD919FD29E9DD75003C2BE9 = {
						CreatedOnToolsVersion = 14.2;
					};
				};
			};
			buildConfigurationList = 8C9EE98829BC99090020E4FD /* Build configuration list for PBXProject "TabataApp" */;
			compatibilityVersion = "Xcode 14.0";
			developmentRegion = en;
			hasScannedForEncodings = 0;
			knownRegions = (
				en,
				Base,
				uk,
			);
			mainGroup = 8C9EE98429BC99090020E4FD;
			packageReferences = (
				8C46F92129E6AEB300EA2F0D /* XCRemoteSwiftPackageReference "swiftui-navigation" */,
			);
			productRefGroup = 8C9EE98E29BC99090020E4FD /* Products */;
			projectDirPath = "";
			projectRoot = "";
			targets = (
				8C9EE98C29BC99090020E4FD /* TabataApp */,
				8C46F91129E6A53500EA2F0D /* TabataAppTests */,
				8CD919FD29E9DD75003C2BE9 /* WatchTabata */,
			);
		};
/* End PBXProject section */

/* Begin PBXResourcesBuildPhase section */
		8C46F91029E6A53500EA2F0D /* Resources */ = {
			isa = PBXResourcesBuildPhase;
			buildActionMask = 2147483647;
			files = (
			);
			runOnlyForDeploymentPostprocessing = 0;
		};
		8C9EE98B29BC99090020E4FD /* Resources */ = {
			isa = PBXResourcesBuildPhase;
			buildActionMask = 2147483647;
			files = (
				8C19B00529BFBA5F002649AD /* gong.wav in Resources */,
				8C665A1C29C87956008750AE /* swiftgen.yml in Resources */,
				8C665A1629C86CB5008750AE /* Localizable.strings in Resources */,
				8CF3EA9129C9C6F600D82F98 /* LaunchScreen.storyboard in Resources */,
				8C9EE99929BC990C0020E4FD /* Preview Assets.xcassets in Resources */,
				8C9EE99529BC990C0020E4FD /* Assets.xcassets in Resources */,
			);
			runOnlyForDeploymentPostprocessing = 0;
		};
		8CD919FC29E9DD75003C2BE9 /* Resources */ = {
			isa = PBXResourcesBuildPhase;
			buildActionMask = 2147483647;
			files = (
				8CD91A0829E9DD78003C2BE9 /* Preview Assets.xcassets in Resources */,
				8CD91A0529E9DD78003C2BE9 /* Assets.xcassets in Resources */,
			);
			runOnlyForDeploymentPostprocessing = 0;
		};
/* End PBXResourcesBuildPhase section */

/* Begin PBXShellScriptBuildPhase section */
		8C665A2129C87EE6008750AE /* Swiftgen */ = {
			isa = PBXShellScriptBuildPhase;
			alwaysOutOfDate = 1;
			buildActionMask = 2147483647;
			files = (
			);
			inputFileListPaths = (
			);
			inputPaths = (
			);
			name = Swiftgen;
			outputFileListPaths = (
			);
			outputPaths = (
			);
			runOnlyForDeploymentPostprocessing = 0;
			shellPath = /bin/sh;
			shellScript = "swiftgen strings --templateName structured-swift5 --output TabataApp/Strings-generated.swift TabataApp/Resource/en.lproj/Localizable.strings\nswiftgen xcassets --templateName swift5 --output TabataApp/Assets.swift TabataApp/Assets.xcassets\n";
		};
/* End PBXShellScriptBuildPhase section */

/* Begin PBXSourcesBuildPhase section */
		8C46F90E29E6A53500EA2F0D /* Sources */ = {
			isa = PBXSourcesBuildPhase;
			buildActionMask = 2147483647;
			files = (
			);
			runOnlyForDeploymentPostprocessing = 0;
		};
		8C9EE98929BC99090020E4FD /* Sources */ = {
			isa = PBXSourcesBuildPhase;
			buildActionMask = 2147483647;
			files = (
				8C6AF15D29BF21030060EB20 /* TrainingLaunch.swift in Sources */,
				8C01F47B29DAFF0400FCC26F /* TimePicker.swift in Sources */,
				8C8BEDD329BE237D00C4275A /* TrainingForm.swift in Sources */,
				8C9EE9A229BC9B070020E4FD /* TrainingsList.swift in Sources */,
				8C665A2629C88F80008750AE /* Assets.swift in Sources */,
				8C9EE9A429BC9BDB0020E4FD /* TrainingDetails.swift in Sources */,
				8CB117CD29EABE0B00652837 /* Utilities.swift in Sources */,
				8C885AA829CB555F00D96530 /* Strings-generated.swift in Sources */,
				8C9EE99129BC99090020E4FD /* TabataApp.swift in Sources */,
				8C29F82C29C0951E00DADDFF /* AppView.swift in Sources */,
				8CD91A1F29E9EC73003C2BE9 /* Extensions.swift in Sources */,
				8C19B00229BFA438002649AD /* CircularProgressView.swift in Sources */,
			);
			runOnlyForDeploymentPostprocessing = 0;
		};
		8CD919FA29E9DD75003C2BE9 /* Sources */ = {
			isa = PBXSourcesBuildPhase;
			buildActionMask = 2147483647;
			files = (
				8CB117D029EABEE200652837 /* TrainingDetails.swift in Sources */,
				8C870DE729F006D800CDE9B9 /* IntervalTimeline.swift in Sources */,
				8CC3A66329ED45E600C52242 /* TrainingControls.swift in Sources */,
				8CB117D529EAC2A000652837 /* TrainingsList.swift in Sources */,
				8CF253FF29EA12ED00CF8419 /* Strings-generated.swift in Sources */,
				8CF253FE29EA12E900CF8419 /* Assets.swift in Sources */,
				8CC3A66129ED3F9400C52242 /* TrainingMetrics.swift in Sources */,
				8CB117CE29EABE3900652837 /* Utilities.swift in Sources */,
				8CC3A66529ED480500C52242 /* TrainingInfo.swift in Sources */,
				8CD91A0129E9DD75003C2BE9 /* WatchTabataApp.swift in Sources */,
				8CB117D229EAC05C00652837 /* TrainingLaunch.swift in Sources */,
				8CF253F829EA0E9000CF8419 /* AppView.swift in Sources */,
				8CC3A66829ED4B1600C52242 /* TrainingManager.swift in Sources */,
			);
			runOnlyForDeploymentPostprocessing = 0;
		};
/* End PBXSourcesBuildPhase section */

/* Begin PBXTargetDependency section */
		8CD91A0A29E9DD78003C2BE9 /* PBXTargetDependency */ = {
			isa = PBXTargetDependency;
			target = 8CD919FD29E9DD75003C2BE9 /* WatchTabata */;
			targetProxy = 8CD91A0929E9DD78003C2BE9 /* PBXContainerItemProxy */;
		};
/* End PBXTargetDependency section */

/* Begin PBXVariantGroup section */
		8C665A1829C86CB5008750AE /* Localizable.strings */ = {
			isa = PBXVariantGroup;
			children = (
				8C665A1729C86CB5008750AE /* en */,
				8C665A1929C86CBE008750AE /* uk */,
			);
			name = Localizable.strings;
			sourceTree = "<group>";
		};
/* End PBXVariantGroup section */

/* Begin XCBuildConfiguration section */
		8C46F91929E6A53600EA2F0D /* Debug */ = {
			isa = XCBuildConfiguration;
			buildSettings = {
				CODE_SIGN_STYLE = Automatic;
				CURRENT_PROJECT_VERSION = 1;
				DEVELOPMENT_TEAM = J4BH25WEZ3;
				GENERATE_INFOPLIST_FILE = YES;
				IPHONEOS_DEPLOYMENT_TARGET = 16.0;
				MARKETING_VERSION = 1.0;
				PRODUCT_BUNDLE_IDENTIFIER = com.mutekey.TabataAppTests;
				PRODUCT_NAME = "$(TARGET_NAME)";
				SDKROOT = iphoneos;
				SUPPORTED_PLATFORMS = "iphoneos iphonesimulator";
				SUPPORTS_MACCATALYST = NO;
				SUPPORTS_MAC_DESIGNED_FOR_IPHONE_IPAD = NO;
				SWIFT_EMIT_LOC_STRINGS = NO;
				SWIFT_VERSION = 5.0;
				TARGETED_DEVICE_FAMILY = 1;
			};
			name = Debug;
		};
		8C46F91A29E6A53600EA2F0D /* Release */ = {
			isa = XCBuildConfiguration;
			buildSettings = {
				CODE_SIGN_STYLE = Automatic;
				CURRENT_PROJECT_VERSION = 1;
				DEVELOPMENT_TEAM = J4BH25WEZ3;
				GENERATE_INFOPLIST_FILE = YES;
				IPHONEOS_DEPLOYMENT_TARGET = 16.0;
				MARKETING_VERSION = 1.0;
				PRODUCT_BUNDLE_IDENTIFIER = com.mutekey.TabataAppTests;
				PRODUCT_NAME = "$(TARGET_NAME)";
				SDKROOT = iphoneos;
				SUPPORTED_PLATFORMS = "iphoneos iphonesimulator";
				SUPPORTS_MACCATALYST = NO;
				SUPPORTS_MAC_DESIGNED_FOR_IPHONE_IPAD = NO;
				SWIFT_EMIT_LOC_STRINGS = NO;
				SWIFT_VERSION = 5.0;
				TARGETED_DEVICE_FAMILY = 1;
				VALIDATE_PRODUCT = YES;
			};
			name = Release;
		};
		8C9EE99A29BC990C0020E4FD /* Debug */ = {
			isa = XCBuildConfiguration;
			buildSettings = {
				ALWAYS_SEARCH_USER_PATHS = NO;
				CLANG_ANALYZER_NONNULL = YES;
				CLANG_ANALYZER_NUMBER_OBJECT_CONVERSION = YES_AGGRESSIVE;
				CLANG_CXX_LANGUAGE_STANDARD = "gnu++20";
				CLANG_ENABLE_MODULES = YES;
				CLANG_ENABLE_OBJC_ARC = YES;
				CLANG_ENABLE_OBJC_WEAK = YES;
				CLANG_WARN_BLOCK_CAPTURE_AUTORELEASING = YES;
				CLANG_WARN_BOOL_CONVERSION = YES;
				CLANG_WARN_COMMA = YES;
				CLANG_WARN_CONSTANT_CONVERSION = YES;
				CLANG_WARN_DEPRECATED_OBJC_IMPLEMENTATIONS = YES;
				CLANG_WARN_DIRECT_OBJC_ISA_USAGE = YES_ERROR;
				CLANG_WARN_DOCUMENTATION_COMMENTS = YES;
				CLANG_WARN_EMPTY_BODY = YES;
				CLANG_WARN_ENUM_CONVERSION = YES;
				CLANG_WARN_INFINITE_RECURSION = YES;
				CLANG_WARN_INT_CONVERSION = YES;
				CLANG_WARN_NON_LITERAL_NULL_CONVERSION = YES;
				CLANG_WARN_OBJC_IMPLICIT_RETAIN_SELF = YES;
				CLANG_WARN_OBJC_LITERAL_CONVERSION = YES;
				CLANG_WARN_OBJC_ROOT_CLASS = YES_ERROR;
				CLANG_WARN_QUOTED_INCLUDE_IN_FRAMEWORK_HEADER = YES;
				CLANG_WARN_RANGE_LOOP_ANALYSIS = YES;
				CLANG_WARN_STRICT_PROTOTYPES = YES;
				CLANG_WARN_SUSPICIOUS_MOVE = YES;
				CLANG_WARN_UNGUARDED_AVAILABILITY = YES_AGGRESSIVE;
				CLANG_WARN_UNREACHABLE_CODE = YES;
				CLANG_WARN__DUPLICATE_METHOD_MATCH = YES;
				COPY_PHASE_STRIP = NO;
				DEBUG_INFORMATION_FORMAT = dwarf;
				ENABLE_STRICT_OBJC_MSGSEND = YES;
				ENABLE_TESTABILITY = YES;
				GCC_C_LANGUAGE_STANDARD = gnu11;
				GCC_DYNAMIC_NO_PIC = NO;
				GCC_NO_COMMON_BLOCKS = YES;
				GCC_OPTIMIZATION_LEVEL = 0;
				GCC_PREPROCESSOR_DEFINITIONS = (
					"DEBUG=1",
					"$(inherited)",
				);
				GCC_WARN_64_TO_32_BIT_CONVERSION = YES;
				GCC_WARN_ABOUT_RETURN_TYPE = YES_ERROR;
				GCC_WARN_UNDECLARED_SELECTOR = YES;
				GCC_WARN_UNINITIALIZED_AUTOS = YES_AGGRESSIVE;
				GCC_WARN_UNUSED_FUNCTION = YES;
				GCC_WARN_UNUSED_VARIABLE = YES;
				MTL_ENABLE_DEBUG_INFO = INCLUDE_SOURCE;
				MTL_FAST_MATH = YES;
				ONLY_ACTIVE_ARCH = YES;
				SWIFT_ACTIVE_COMPILATION_CONDITIONS = DEBUG;
				SWIFT_OPTIMIZATION_LEVEL = "-Onone";
			};
			name = Debug;
		};
		8C9EE99B29BC990C0020E4FD /* Release */ = {
			isa = XCBuildConfiguration;
			buildSettings = {
				ALWAYS_SEARCH_USER_PATHS = NO;
				CLANG_ANALYZER_NONNULL = YES;
				CLANG_ANALYZER_NUMBER_OBJECT_CONVERSION = YES_AGGRESSIVE;
				CLANG_CXX_LANGUAGE_STANDARD = "gnu++20";
				CLANG_ENABLE_MODULES = YES;
				CLANG_ENABLE_OBJC_ARC = YES;
				CLANG_ENABLE_OBJC_WEAK = YES;
				CLANG_WARN_BLOCK_CAPTURE_AUTORELEASING = YES;
				CLANG_WARN_BOOL_CONVERSION = YES;
				CLANG_WARN_COMMA = YES;
				CLANG_WARN_CONSTANT_CONVERSION = YES;
				CLANG_WARN_DEPRECATED_OBJC_IMPLEMENTATIONS = YES;
				CLANG_WARN_DIRECT_OBJC_ISA_USAGE = YES_ERROR;
				CLANG_WARN_DOCUMENTATION_COMMENTS = YES;
				CLANG_WARN_EMPTY_BODY = YES;
				CLANG_WARN_ENUM_CONVERSION = YES;
				CLANG_WARN_INFINITE_RECURSION = YES;
				CLANG_WARN_INT_CONVERSION = YES;
				CLANG_WARN_NON_LITERAL_NULL_CONVERSION = YES;
				CLANG_WARN_OBJC_IMPLICIT_RETAIN_SELF = YES;
				CLANG_WARN_OBJC_LITERAL_CONVERSION = YES;
				CLANG_WARN_OBJC_ROOT_CLASS = YES_ERROR;
				CLANG_WARN_QUOTED_INCLUDE_IN_FRAMEWORK_HEADER = YES;
				CLANG_WARN_RANGE_LOOP_ANALYSIS = YES;
				CLANG_WARN_STRICT_PROTOTYPES = YES;
				CLANG_WARN_SUSPICIOUS_MOVE = YES;
				CLANG_WARN_UNGUARDED_AVAILABILITY = YES_AGGRESSIVE;
				CLANG_WARN_UNREACHABLE_CODE = YES;
				CLANG_WARN__DUPLICATE_METHOD_MATCH = YES;
				COPY_PHASE_STRIP = NO;
				DEBUG_INFORMATION_FORMAT = "dwarf-with-dsym";
				ENABLE_NS_ASSERTIONS = NO;
				ENABLE_STRICT_OBJC_MSGSEND = YES;
				GCC_C_LANGUAGE_STANDARD = gnu11;
				GCC_NO_COMMON_BLOCKS = YES;
				GCC_WARN_64_TO_32_BIT_CONVERSION = YES;
				GCC_WARN_ABOUT_RETURN_TYPE = YES_ERROR;
				GCC_WARN_UNDECLARED_SELECTOR = YES;
				GCC_WARN_UNINITIALIZED_AUTOS = YES_AGGRESSIVE;
				GCC_WARN_UNUSED_FUNCTION = YES;
				GCC_WARN_UNUSED_VARIABLE = YES;
				MTL_ENABLE_DEBUG_INFO = NO;
				MTL_FAST_MATH = YES;
				SWIFT_COMPILATION_MODE = wholemodule;
				SWIFT_OPTIMIZATION_LEVEL = "-O";
			};
			name = Release;
		};
		8C9EE99D29BC990C0020E4FD /* Debug */ = {
			isa = XCBuildConfiguration;
			buildSettings = {
				ALWAYS_EMBED_SWIFT_STANDARD_LIBRARIES = YES;
				ASSETCATALOG_COMPILER_APPICON_NAME = AppIcon;
				ASSETCATALOG_COMPILER_GLOBAL_ACCENT_COLOR_NAME = AccentColor;
				CODE_SIGN_ENTITLEMENTS = TabataApp/TabataApp.entitlements;
				CODE_SIGN_STYLE = Automatic;
				CURRENT_PROJECT_VERSION = 7;
				DEFINES_MODULE = NO;
				DEVELOPMENT_ASSET_PATHS = "\"TabataApp/Preview Content\"";
				DEVELOPMENT_TEAM = J4BH25WEZ3;
				ENABLE_HARDENED_RUNTIME = YES;
				ENABLE_PREVIEWS = YES;
				GENERATE_INFOPLIST_FILE = YES;
				INFOPLIST_FILE = TabataApp/Info.plist;
				INFOPLIST_KEY_LSApplicationCategoryType = "public.app-category.productivity";
				"INFOPLIST_KEY_UIApplicationSceneManifest_Generation[sdk=iphoneos*]" = YES;
				"INFOPLIST_KEY_UIApplicationSceneManifest_Generation[sdk=iphonesimulator*]" = YES;
				"INFOPLIST_KEY_UIApplicationSupportsIndirectInputEvents[sdk=iphoneos*]" = YES;
				"INFOPLIST_KEY_UIApplicationSupportsIndirectInputEvents[sdk=iphonesimulator*]" = YES;
				"INFOPLIST_KEY_UILaunchScreen_Generation[sdk=iphoneos*]" = YES;
				"INFOPLIST_KEY_UILaunchScreen_Generation[sdk=iphonesimulator*]" = YES;
				INFOPLIST_KEY_UILaunchStoryboardName = LaunchScreen.storyboard;
				"INFOPLIST_KEY_UIStatusBarStyle[sdk=iphoneos*]" = UIStatusBarStyleDefault;
				"INFOPLIST_KEY_UIStatusBarStyle[sdk=iphonesimulator*]" = UIStatusBarStyleDefault;
				INFOPLIST_KEY_UISupportedInterfaceOrientations = UIInterfaceOrientationPortrait;
				INFOPLIST_KEY_UISupportedInterfaceOrientations_iPad = "UIInterfaceOrientationLandscapeLeft UIInterfaceOrientationLandscapeRight UIInterfaceOrientationPortrait UIInterfaceOrientationPortraitUpsideDown";
				IPHONEOS_DEPLOYMENT_TARGET = 16.0;
				LD_RUNPATH_SEARCH_PATHS = "@executable_path/Frameworks";
				"LD_RUNPATH_SEARCH_PATHS[sdk=macosx*]" = "@executable_path/../Frameworks";
				MACOSX_DEPLOYMENT_TARGET = 13.1;
				MARKETING_VERSION = 1.0;
				PRODUCT_BUNDLE_IDENTIFIER = com.mutekey.TabataApp;
				PRODUCT_NAME = "$(TARGET_NAME)";
				SDKROOT = auto;
				SUPPORTED_PLATFORMS = "iphoneos iphonesimulator";
				SUPPORTS_MACCATALYST = NO;
				SUPPORTS_MAC_DESIGNED_FOR_IPHONE_IPAD = NO;
				SWIFT_EMIT_LOC_STRINGS = YES;
				SWIFT_VERSION = 5.0;
				TARGETED_DEVICE_FAMILY = 1;
			};
			name = Debug;
		};
		8C9EE99E29BC990C0020E4FD /* Release */ = {
			isa = XCBuildConfiguration;
			buildSettings = {
				ALWAYS_EMBED_SWIFT_STANDARD_LIBRARIES = YES;
				ASSETCATALOG_COMPILER_APPICON_NAME = AppIcon;
				ASSETCATALOG_COMPILER_GLOBAL_ACCENT_COLOR_NAME = AccentColor;
				CODE_SIGN_ENTITLEMENTS = TabataApp/TabataApp.entitlements;
				CODE_SIGN_STYLE = Automatic;
				CURRENT_PROJECT_VERSION = 7;
				DEFINES_MODULE = NO;
				DEVELOPMENT_ASSET_PATHS = "\"TabataApp/Preview Content\"";
				DEVELOPMENT_TEAM = J4BH25WEZ3;
				ENABLE_HARDENED_RUNTIME = YES;
				ENABLE_PREVIEWS = YES;
				GENERATE_INFOPLIST_FILE = YES;
				INFOPLIST_FILE = TabataApp/Info.plist;
				INFOPLIST_KEY_LSApplicationCategoryType = "public.app-category.productivity";
				"INFOPLIST_KEY_UIApplicationSceneManifest_Generation[sdk=iphoneos*]" = YES;
				"INFOPLIST_KEY_UIApplicationSceneManifest_Generation[sdk=iphonesimulator*]" = YES;
				"INFOPLIST_KEY_UIApplicationSupportsIndirectInputEvents[sdk=iphoneos*]" = YES;
				"INFOPLIST_KEY_UIApplicationSupportsIndirectInputEvents[sdk=iphonesimulator*]" = YES;
				"INFOPLIST_KEY_UILaunchScreen_Generation[sdk=iphoneos*]" = YES;
				"INFOPLIST_KEY_UILaunchScreen_Generation[sdk=iphonesimulator*]" = YES;
				INFOPLIST_KEY_UILaunchStoryboardName = LaunchScreen.storyboard;
				"INFOPLIST_KEY_UIStatusBarStyle[sdk=iphoneos*]" = UIStatusBarStyleDefault;
				"INFOPLIST_KEY_UIStatusBarStyle[sdk=iphonesimulator*]" = UIStatusBarStyleDefault;
				INFOPLIST_KEY_UISupportedInterfaceOrientations = UIInterfaceOrientationPortrait;
				INFOPLIST_KEY_UISupportedInterfaceOrientations_iPad = "UIInterfaceOrientationLandscapeLeft UIInterfaceOrientationLandscapeRight UIInterfaceOrientationPortrait UIInterfaceOrientationPortraitUpsideDown";
				IPHONEOS_DEPLOYMENT_TARGET = 16.0;
				LD_RUNPATH_SEARCH_PATHS = "@executable_path/Frameworks";
				"LD_RUNPATH_SEARCH_PATHS[sdk=macosx*]" = "@executable_path/../Frameworks";
				MACOSX_DEPLOYMENT_TARGET = 13.1;
				MARKETING_VERSION = 1.0;
				PRODUCT_BUNDLE_IDENTIFIER = com.mutekey.TabataApp;
				PRODUCT_NAME = "$(TARGET_NAME)";
				SDKROOT = auto;
				SUPPORTED_PLATFORMS = "iphoneos iphonesimulator";
				SUPPORTS_MACCATALYST = NO;
				SUPPORTS_MAC_DESIGNED_FOR_IPHONE_IPAD = NO;
				SWIFT_EMIT_LOC_STRINGS = YES;
				SWIFT_VERSION = 5.0;
				TARGETED_DEVICE_FAMILY = 1;
			};
			name = Release;
		};
		8CD91A0D29E9DD78003C2BE9 /* Debug */ = {
			isa = XCBuildConfiguration;
			buildSettings = {
				ASSETCATALOG_COMPILER_APPICON_NAME = AppIcon;
				ASSETCATALOG_COMPILER_GLOBAL_ACCENT_COLOR_NAME = AccentColor;
				CODE_SIGN_ENTITLEMENTS = WatchTabata/WatchTabata.entitlements;
				CODE_SIGN_STYLE = Automatic;
				CURRENT_PROJECT_VERSION = 1;
				DEVELOPMENT_ASSET_PATHS = "\"WatchTabata/Preview Content\"";
				DEVELOPMENT_TEAM = J4BH25WEZ3;
				ENABLE_PREVIEWS = YES;
				GENERATE_INFOPLIST_FILE = YES;
				INFOPLIST_FILE = WatchTabata/Info.plist;
				INFOPLIST_KEY_CFBundleDisplayName = WatchOSTabata;
				INFOPLIST_KEY_UISupportedInterfaceOrientations = "UIInterfaceOrientationPortrait UIInterfaceOrientationPortraitUpsideDown";
				INFOPLIST_KEY_WKCompanionAppBundleIdentifier = com.mutekey.TabataApp;
				LD_RUNPATH_SEARCH_PATHS = (
					"$(inherited)",
					"@executable_path/Frameworks",
				);
				MARKETING_VERSION = 1.0;
				PRODUCT_BUNDLE_IDENTIFIER = com.mutekey.TabataApp.watchkitapp;
				PRODUCT_NAME = "$(TARGET_NAME)";
				SDKROOT = watchos;
				SKIP_INSTALL = YES;
				SWIFT_EMIT_LOC_STRINGS = YES;
				SWIFT_VERSION = 5.0;
				TARGETED_DEVICE_FAMILY = 4;
				WATCHOS_DEPLOYMENT_TARGET = 9.0;
			};
			name = Debug;
		};
		8CD91A0E29E9DD78003C2BE9 /* Release */ = {
			isa = XCBuildConfiguration;
			buildSettings = {
				ASSETCATALOG_COMPILER_APPICON_NAME = AppIcon;
				ASSETCATALOG_COMPILER_GLOBAL_ACCENT_COLOR_NAME = AccentColor;
				CODE_SIGN_ENTITLEMENTS = WatchTabata/WatchTabata.entitlements;
				CODE_SIGN_STYLE = Automatic;
				CURRENT_PROJECT_VERSION = 1;
				DEVELOPMENT_ASSET_PATHS = "\"WatchTabata/Preview Content\"";
				DEVELOPMENT_TEAM = J4BH25WEZ3;
				ENABLE_PREVIEWS = YES;
				GENERATE_INFOPLIST_FILE = YES;
				INFOPLIST_FILE = WatchTabata/Info.plist;
				INFOPLIST_KEY_CFBundleDisplayName = WatchOSTabata;
				INFOPLIST_KEY_UISupportedInterfaceOrientations = "UIInterfaceOrientationPortrait UIInterfaceOrientationPortraitUpsideDown";
				INFOPLIST_KEY_WKCompanionAppBundleIdentifier = com.mutekey.TabataApp;
				LD_RUNPATH_SEARCH_PATHS = (
					"$(inherited)",
					"@executable_path/Frameworks",
				);
				MARKETING_VERSION = 1.0;
				PRODUCT_BUNDLE_IDENTIFIER = com.mutekey.TabataApp.watchkitapp;
				PRODUCT_NAME = "$(TARGET_NAME)";
				SDKROOT = watchos;
				SKIP_INSTALL = YES;
				SWIFT_EMIT_LOC_STRINGS = YES;
				SWIFT_VERSION = 5.0;
				TARGETED_DEVICE_FAMILY = 4;
				VALIDATE_PRODUCT = YES;
				WATCHOS_DEPLOYMENT_TARGET = 9.0;
			};
			name = Release;
		};
/* End XCBuildConfiguration section */

/* Begin XCConfigurationList section */
		8C46F91829E6A53600EA2F0D /* Build configuration list for PBXNativeTarget "TabataAppTests" */ = {
			isa = XCConfigurationList;
			buildConfigurations = (
				8C46F91929E6A53600EA2F0D /* Debug */,
				8C46F91A29E6A53600EA2F0D /* Release */,
			);
			defaultConfigurationIsVisible = 0;
			defaultConfigurationName = Release;
		};
		8C9EE98829BC99090020E4FD /* Build configuration list for PBXProject "TabataApp" */ = {
			isa = XCConfigurationList;
			buildConfigurations = (
				8C9EE99A29BC990C0020E4FD /* Debug */,
				8C9EE99B29BC990C0020E4FD /* Release */,
			);
			defaultConfigurationIsVisible = 0;
			defaultConfigurationName = Release;
		};
		8C9EE99C29BC990C0020E4FD /* Build configuration list for PBXNativeTarget "TabataApp" */ = {
			isa = XCConfigurationList;
			buildConfigurations = (
				8C9EE99D29BC990C0020E4FD /* Debug */,
				8C9EE99E29BC990C0020E4FD /* Release */,
			);
			defaultConfigurationIsVisible = 0;
			defaultConfigurationName = Release;
		};
		8CD91A0C29E9DD78003C2BE9 /* Build configuration list for PBXNativeTarget "WatchTabata" */ = {
			isa = XCConfigurationList;
			buildConfigurations = (
				8CD91A0D29E9DD78003C2BE9 /* Debug */,
				8CD91A0E29E9DD78003C2BE9 /* Release */,
			);
			defaultConfigurationIsVisible = 0;
			defaultConfigurationName = Release;
		};
/* End XCConfigurationList section */

/* Begin XCRemoteSwiftPackageReference section */
		8C46F92129E6AEB300EA2F0D /* XCRemoteSwiftPackageReference "swiftui-navigation" */ = {
			isa = XCRemoteSwiftPackageReference;
			repositoryURL = "https://github.com/pointfreeco/swiftui-navigation";
			requirement = {
				branch = main;
				kind = branch;
			};
		};
/* End XCRemoteSwiftPackageReference section */

/* Begin XCSwiftPackageProductDependency section */
		8C46F92229E6AEB300EA2F0D /* SwiftUINavigation */ = {
			isa = XCSwiftPackageProductDependency;
			package = 8C46F92129E6AEB300EA2F0D /* XCRemoteSwiftPackageReference "swiftui-navigation" */;
			productName = SwiftUINavigation;
		};
		8C46F92429E6AEB300EA2F0D /* _SwiftUINavigationState */ = {
			isa = XCSwiftPackageProductDependency;
			package = 8C46F92129E6AEB300EA2F0D /* XCRemoteSwiftPackageReference "swiftui-navigation" */;
			productName = _SwiftUINavigationState;
		};
		8CF253F029E9FE5D00CF8419 /* Models */ = {
			isa = XCSwiftPackageProductDependency;
			productName = Models;
		};
		8CF253F229EA007A00CF8419 /* Models */ = {
			isa = XCSwiftPackageProductDependency;
			productName = Models;
		};
		8CF253F429EA041000CF8419 /* Models */ = {
			isa = XCSwiftPackageProductDependency;
			productName = Models;
		};
		8CF253F929EA116900CF8419 /* SwiftUINavigation */ = {
			isa = XCSwiftPackageProductDependency;
			package = 8C46F92129E6AEB300EA2F0D /* XCRemoteSwiftPackageReference "swiftui-navigation" */;
			productName = SwiftUINavigation;
		};
/* End XCSwiftPackageProductDependency section */
	};
	rootObject = 8C9EE98529BC99090020E4FD /* Project object */;
}
